
Microsoft Visual Studio Solution File, Format Version 12.00
# Visual Studio Version 16
VisualStudioVersion = 16.0.30611.23
MinimumVisualStudioVersion = 10.0.40219.1
Project("{FAE04EC0-301F-11D3-BF4B-00C04F79EFBC}") = "ConsoleApp", "ConsoleApp\ConsoleApp.csproj", "{53E57433-7DD9-4A1C-BF10-5A35F3E34D37}"
EndProject
Project("{FAE04EC0-301F-11D3-BF4B-00C04F79EFBC}") = "CustomMilestones", "CustomMilestones\CustomMilestones.csproj", "{279500B7-C049-4328-858F-79B085E51270}"
EndProject
Global
	GlobalSection(SolutionConfigurationPlatforms) = preSolution
		Debug|Any CPU = Debug|Any CPU
		Release|Any CPU = Release|Any CPU
	EndGlobalSection
	GlobalSection(ProjectConfigurationPlatforms) = postSolution
		{53E57433-7DD9-4A1C-BF10-5A35F3E34D37}.Debug|Any CPU.ActiveCfg = Debug|Any CPU
		{53E57433-7DD9-4A1C-BF10-5A35F3E34D37}.Debug|Any CPU.Build.0 = Debug|Any CPU
		{53E57433-7DD9-4A1C-BF10-5A35F3E34D37}.Release|Any CPU.ActiveCfg = Release|Any CPU
		{53E57433-7DD9-4A1C-BF10-5A35F3E34D37}.Release|Any CPU.Build.0 = Release|Any CPU
		{279500B7-C049-4328-858F-79B085E51270}.Debug|Any CPU.ActiveCfg = Debug|Any CPU
		{279500B7-C049-4328-858F-79B085E51270}.Debug|Any CPU.Build.0 = Debug|Any CPU
		{279500B7-C049-4328-858F-79B085E51270}.Release|Any CPU.ActiveCfg = Release|Any CPU
		{279500B7-C049-4328-858F-79B085E51270}.Release|Any CPU.Build.0 = Release|Any CPU
	EndGlobalSection
	GlobalSection(SolutionProperties) = preSolution
		HideSolutionNode = FALSE
	EndGlobalSection
	GlobalSection(ExtensibilityGlobals) = postSolution
		SolutionGuid = {90401B10-DB1B-440D-B9A7-0E4A5B691A85}
	EndGlobalSection
EndGlobal
